// !$*UTF8*$!
{
	archiveVersion = 1;
	classes = {
	};
	objectVersion = 70;
	objects = {

/* Begin PBXBuildFile section */
		8F29232E2B62216F006EA675 /* OrderedCollections in Frameworks */ = {isa = PBXBuildFile; productRef = 8F29232D2B62216F006EA675 /* OrderedCollections */; };
		8F2B512A2B4F3BBB0039EB99 /* Slingshot in Frameworks */ = {isa = PBXBuildFile; productRef = 8F2B51292B4F3BBB0039EB99 /* Slingshot */; };
		8F2F88222B4F1EBB0081C187 /* RustyboyApp.swift in Sources */ = {isa = PBXBuildFile; fileRef = 8F2F88212B4F1EBB0081C187 /* RustyboyApp.swift */; };
		8F62A9CC2B4F40BF0099BBC1 /* RustyboyCore in Frameworks */ = {isa = PBXBuildFile; productRef = 8F62A9CB2B4F40BF0099BBC1 /* RustyboyCore */; };
/* End PBXBuildFile section */

/* Begin PBXFileReference section */
		8F2B511D2B4F303F0039EB99 /* Info.plist */ = {isa = PBXFileReference; lastKnownFileType = text.plist; path = Info.plist; sourceTree = "<group>"; };
		8F2F881E2B4F1EBB0081C187 /* Rustyboy.app */ = {isa = PBXFileReference; explicitFileType = wrapper.application; includeInIndex = 0; path = Rustyboy.app; sourceTree = BUILT_PRODUCTS_DIR; };
		8F2F88212B4F1EBB0081C187 /* RustyboyApp.swift */ = {isa = PBXFileReference; lastKnownFileType = sourcecode.swift; path = RustyboyApp.swift; sourceTree = "<group>"; };
		8FCA9ECE2B4F930000669EA5 /* BridgingHeader.h */ = {isa = PBXFileReference; lastKnownFileType = sourcecode.c.h; path = BridgingHeader.h; sourceTree = "<group>"; };
/* End PBXFileReference section */

/* Begin PBXFileSystemSynchronizedRootGroup section */
		8FC608632CC30E1E00F08CC9 /* Views */ = {isa = PBXFileSystemSynchronizedRootGroup; explicitFileTypes = {}; explicitFolders = (); path = Views; sourceTree = "<group>"; };
		8FC608782CC30E2500F08CC9 /* Model */ = {isa = PBXFileSystemSynchronizedRootGroup; explicitFileTypes = {}; explicitFolders = (); path = Model; sourceTree = "<group>"; };
		8FC608832CC30E2800F08CC9 /* Extensions */ = {isa = PBXFileSystemSynchronizedRootGroup; explicitFileTypes = {}; explicitFolders = (); path = Extensions; sourceTree = "<group>"; };
		8FC6088F2CC30E2A00F08CC9 /* Utils */ = {isa = PBXFileSystemSynchronizedRootGroup; explicitFileTypes = {}; explicitFolders = (); path = Utils; sourceTree = "<group>"; };
		8FC6089C2CC30E2C00F08CC9 /* Resources */ = {isa = PBXFileSystemSynchronizedRootGroup; explicitFileTypes = {}; explicitFolders = (); path = Resources; sourceTree = "<group>"; };
		8FC608B02CC3200600F08CC9 /* Environment */ = {isa = PBXFileSystemSynchronizedRootGroup; explicitFileTypes = {}; explicitFolders = (); path = Environment; sourceTree = "<group>"; };
/* End PBXFileSystemSynchronizedRootGroup section */

/* Begin PBXFrameworksBuildPhase section */
		8F2F881B2B4F1EBB0081C187 /* Frameworks */ = {
			isa = PBXFrameworksBuildPhase;
			buildActionMask = 2147483647;
			files = (
				8F62A9CC2B4F40BF0099BBC1 /* RustyboyCore in Frameworks */,
				8F2B512A2B4F3BBB0039EB99 /* Slingshot in Frameworks */,
				8F29232E2B62216F006EA675 /* OrderedCollections in Frameworks */,
			);
			runOnlyForDeploymentPostprocessing = 0;
		};
/* End PBXFrameworksBuildPhase section */

/* Begin PBXGroup section */
		8F2F88152B4F1EBB0081C187 = {
			isa = PBXGroup;
			children = (
				8F2F88202B4F1EBB0081C187 /* Rustyboy */,
				8F2F881F2B4F1EBB0081C187 /* Products */,
			);
			sourceTree = "<group>";
		};
		8F2F881F2B4F1EBB0081C187 /* Products */ = {
			isa = PBXGroup;
			children = (
				8F2F881E2B4F1EBB0081C187 /* Rustyboy.app */,
			);
			name = Products;
			sourceTree = "<group>";
		};
		8F2F88202B4F1EBB0081C187 /* Rustyboy */ = {
			isa = PBXGroup;
			children = (
				8FC608B02CC3200600F08CC9 /* Environment */,
				8FC608632CC30E1E00F08CC9 /* Views */,
				8FC608782CC30E2500F08CC9 /* Model */,
				8FC608832CC30E2800F08CC9 /* Extensions */,
				8FC6088F2CC30E2A00F08CC9 /* Utils */,
				8F2B511D2B4F303F0039EB99 /* Info.plist */,
				8FC6089C2CC30E2C00F08CC9 /* Resources */,
				8F2F88212B4F1EBB0081C187 /* RustyboyApp.swift */,
				8FCA9ECE2B4F930000669EA5 /* BridgingHeader.h */,
			);
			path = Rustyboy;
			sourceTree = "<group>";
		};
/* End PBXGroup section */

/* Begin PBXNativeTarget section */
		8F2F881D2B4F1EBB0081C187 /* Rustyboy */ = {
			isa = PBXNativeTarget;
			buildConfigurationList = 8F2F882E2B4F1EBC0081C187 /* Build configuration list for PBXNativeTarget "Rustyboy" */;
			buildPhases = (
				8F2F881A2B4F1EBB0081C187 /* Sources */,
				8F2F881B2B4F1EBB0081C187 /* Frameworks */,
				8F2F881C2B4F1EBB0081C187 /* Resources */,
			);
			buildRules = (
			);
			dependencies = (
			);
			fileSystemSynchronizedGroups = (
				8FC608632CC30E1E00F08CC9 /* Views */,
				8FC608782CC30E2500F08CC9 /* Model */,
				8FC608832CC30E2800F08CC9 /* Extensions */,
				8FC6088F2CC30E2A00F08CC9 /* Utils */,
				8FC6089C2CC30E2C00F08CC9 /* Resources */,
				8FC608B02CC3200600F08CC9 /* Environment */,
			);
			name = Rustyboy;
			packageProductDependencies = (
				8F2B51292B4F3BBB0039EB99 /* Slingshot */,
				8F62A9CB2B4F40BF0099BBC1 /* RustyboyCore */,
				8F29232D2B62216F006EA675 /* OrderedCollections */,
			);
			productName = Rustyboy;
			productReference = 8F2F881E2B4F1EBB0081C187 /* Rustyboy.app */;
			productType = "com.apple.product-type.application";
		};
/* End PBXNativeTarget section */

/* Begin PBXProject section */
		8F2F88162B4F1EBB0081C187 /* Project object */ = {
			isa = PBXProject;
			attributes = {
				BuildIndependentTargetsInParallel = 1;
				LastSwiftUpdateCheck = 1510;
				LastUpgradeCheck = 1510;
				TargetAttributes = {
					8F2F881D2B4F1EBB0081C187 = {
						CreatedOnToolsVersion = 15.1;
					};
				};
			};
			buildConfigurationList = 8F2F88192B4F1EBB0081C187 /* Build configuration list for PBXProject "Rustyboy" */;
			compatibilityVersion = "Xcode 14.0";
			developmentRegion = en;
			hasScannedForEncodings = 0;
			knownRegions = (
				en,
				Base,
				fr,
			);
			mainGroup = 8F2F88152B4F1EBB0081C187;
			packageReferences = (
				8F2B51282B4F3BBB0039EB99 /* XCRemoteSwiftPackageReference "slingshot" */,
				8F62A9CA2B4F40BF0099BBC1 /* XCLocalSwiftPackageReference "Rustyboy/RustyboyCore" */,
				8F29232C2B62216F006EA675 /* XCRemoteSwiftPackageReference "swift-collections" */,
			);
			productRefGroup = 8F2F881F2B4F1EBB0081C187 /* Products */;
			projectDirPath = "";
			projectRoot = "";
			targets = (
				8F2F881D2B4F1EBB0081C187 /* Rustyboy */,
			);
		};
/* End PBXProject section */

/* Begin PBXResourcesBuildPhase section */
		8F2F881C2B4F1EBB0081C187 /* Resources */ = {
			isa = PBXResourcesBuildPhase;
			buildActionMask = 2147483647;
			files = (
			);
			runOnlyForDeploymentPostprocessing = 0;
		};
/* End PBXResourcesBuildPhase section */

/* Begin PBXSourcesBuildPhase section */
		8F2F881A2B4F1EBB0081C187 /* Sources */ = {
			isa = PBXSourcesBuildPhase;
			buildActionMask = 2147483647;
			files = (
				8F2F88222B4F1EBB0081C187 /* RustyboyApp.swift in Sources */,
			);
			runOnlyForDeploymentPostprocessing = 0;
		};
/* End PBXSourcesBuildPhase section */

/* Begin XCBuildConfiguration section */
		8F2F882C2B4F1EBC0081C187 /* Debug */ = {
			isa = XCBuildConfiguration;
			buildSettings = {
				ALWAYS_SEARCH_USER_PATHS = NO;
				ASSETCATALOG_COMPILER_GENERATE_SWIFT_ASSET_SYMBOL_EXTENSIONS = YES;
				CLANG_ANALYZER_NONNULL = YES;
				CLANG_ANALYZER_NUMBER_OBJECT_CONVERSION = YES_AGGRESSIVE;
				CLANG_CXX_LANGUAGE_STANDARD = "gnu++20";
				CLANG_ENABLE_MODULES = YES;
				CLANG_ENABLE_OBJC_ARC = YES;
				CLANG_ENABLE_OBJC_WEAK = YES;
				CLANG_WARN_BLOCK_CAPTURE_AUTORELEASING = YES;
				CLANG_WARN_BOOL_CONVERSION = YES;
				CLANG_WARN_COMMA = YES;
				CLANG_WARN_CONSTANT_CONVERSION = YES;
				CLANG_WARN_DEPRECATED_OBJC_IMPLEMENTATIONS = YES;
				CLANG_WARN_DIRECT_OBJC_ISA_USAGE = YES_ERROR;
				CLANG_WARN_DOCUMENTATION_COMMENTS = YES;
				CLANG_WARN_EMPTY_BODY = YES;
				CLANG_WARN_ENUM_CONVERSION = YES;
				CLANG_WARN_INFINITE_RECURSION = YES;
				CLANG_WARN_INT_CONVERSION = YES;
				CLANG_WARN_NON_LITERAL_NULL_CONVERSION = YES;
				CLANG_WARN_OBJC_IMPLICIT_RETAIN_SELF = YES;
				CLANG_WARN_OBJC_LITERAL_CONVERSION = YES;
				CLANG_WARN_OBJC_ROOT_CLASS = YES_ERROR;
				CLANG_WARN_QUOTED_INCLUDE_IN_FRAMEWORK_HEADER = YES;
				CLANG_WARN_RANGE_LOOP_ANALYSIS = YES;
				CLANG_WARN_STRICT_PROTOTYPES = YES;
				CLANG_WARN_SUSPICIOUS_MOVE = YES;
				CLANG_WARN_UNGUARDED_AVAILABILITY = YES_AGGRESSIVE;
				CLANG_WARN_UNREACHABLE_CODE = YES;
				CLANG_WARN__DUPLICATE_METHOD_MATCH = YES;
				COPY_PHASE_STRIP = NO;
				DEBUG_INFORMATION_FORMAT = dwarf;
				ENABLE_STRICT_OBJC_MSGSEND = YES;
				ENABLE_TESTABILITY = YES;
				ENABLE_USER_SCRIPT_SANDBOXING = YES;
				GCC_C_LANGUAGE_STANDARD = gnu17;
				GCC_DYNAMIC_NO_PIC = NO;
				GCC_NO_COMMON_BLOCKS = YES;
				GCC_OPTIMIZATION_LEVEL = 0;
				GCC_PREPROCESSOR_DEFINITIONS = (
					"DEBUG=1",
					"$(inherited)",
				);
				GCC_WARN_64_TO_32_BIT_CONVERSION = YES;
				GCC_WARN_ABOUT_RETURN_TYPE = YES_ERROR;
				GCC_WARN_UNDECLARED_SELECTOR = YES;
				GCC_WARN_UNINITIALIZED_AUTOS = YES_AGGRESSIVE;
				GCC_WARN_UNUSED_FUNCTION = YES;
				GCC_WARN_UNUSED_VARIABLE = YES;
				IPHONEOS_DEPLOYMENT_TARGET = 17.2;
				LOCALIZATION_PREFERS_STRING_CATALOGS = YES;
				MTL_ENABLE_DEBUG_INFO = INCLUDE_SOURCE;
				MTL_FAST_MATH = YES;
				ONLY_ACTIVE_ARCH = YES;
				SDKROOT = iphoneos;
				SWIFT_ACTIVE_COMPILATION_CONDITIONS = "DEBUG $(inherited)";
				SWIFT_OPTIMIZATION_LEVEL = "-Onone";
			};
			name = Debug;
		};
		8F2F882D2B4F1EBC0081C187 /* Release */ = {
			isa = XCBuildConfiguration;
			buildSettings = {
				ALWAYS_SEARCH_USER_PATHS = NO;
				ASSETCATALOG_COMPILER_GENERATE_SWIFT_ASSET_SYMBOL_EXTENSIONS = YES;
				CLANG_ANALYZER_NONNULL = YES;
				CLANG_ANALYZER_NUMBER_OBJECT_CONVERSION = YES_AGGRESSIVE;
				CLANG_CXX_LANGUAGE_STANDARD = "gnu++20";
				CLANG_ENABLE_MODULES = YES;
				CLANG_ENABLE_OBJC_ARC = YES;
				CLANG_ENABLE_OBJC_WEAK = YES;
				CLANG_WARN_BLOCK_CAPTURE_AUTORELEASING = YES;
				CLANG_WARN_BOOL_CONVERSION = YES;
				CLANG_WARN_COMMA = YES;
				CLANG_WARN_CONSTANT_CONVERSION = YES;
				CLANG_WARN_DEPRECATED_OBJC_IMPLEMENTATIONS = YES;
				CLANG_WARN_DIRECT_OBJC_ISA_USAGE = YES_ERROR;
				CLANG_WARN_DOCUMENTATION_COMMENTS = YES;
				CLANG_WARN_EMPTY_BODY = YES;
				CLANG_WARN_ENUM_CONVERSION = YES;
				CLANG_WARN_INFINITE_RECURSION = YES;
				CLANG_WARN_INT_CONVERSION = YES;
				CLANG_WARN_NON_LITERAL_NULL_CONVERSION = YES;
				CLANG_WARN_OBJC_IMPLICIT_RETAIN_SELF = YES;
				CLANG_WARN_OBJC_LITERAL_CONVERSION = YES;
				CLANG_WARN_OBJC_ROOT_CLASS = YES_ERROR;
				CLANG_WARN_QUOTED_INCLUDE_IN_FRAMEWORK_HEADER = YES;
				CLANG_WARN_RANGE_LOOP_ANALYSIS = YES;
				CLANG_WARN_STRICT_PROTOTYPES = YES;
				CLANG_WARN_SUSPICIOUS_MOVE = YES;
				CLANG_WARN_UNGUARDED_AVAILABILITY = YES_AGGRESSIVE;
				CLANG_WARN_UNREACHABLE_CODE = YES;
				CLANG_WARN__DUPLICATE_METHOD_MATCH = YES;
				COPY_PHASE_STRIP = NO;
				DEBUG_INFORMATION_FORMAT = "dwarf-with-dsym";
				ENABLE_NS_ASSERTIONS = NO;
				ENABLE_STRICT_OBJC_MSGSEND = YES;
				ENABLE_USER_SCRIPT_SANDBOXING = YES;
				GCC_C_LANGUAGE_STANDARD = gnu17;
				GCC_NO_COMMON_BLOCKS = YES;
				GCC_WARN_64_TO_32_BIT_CONVERSION = YES;
				GCC_WARN_ABOUT_RETURN_TYPE = YES_ERROR;
				GCC_WARN_UNDECLARED_SELECTOR = YES;
				GCC_WARN_UNINITIALIZED_AUTOS = YES_AGGRESSIVE;
				GCC_WARN_UNUSED_FUNCTION = YES;
				GCC_WARN_UNUSED_VARIABLE = YES;
				IPHONEOS_DEPLOYMENT_TARGET = 17.2;
				LOCALIZATION_PREFERS_STRING_CATALOGS = YES;
				MTL_ENABLE_DEBUG_INFO = NO;
				MTL_FAST_MATH = YES;
				SDKROOT = iphoneos;
				SWIFT_COMPILATION_MODE = wholemodule;
				VALIDATE_PRODUCT = YES;
			};
			name = Release;
		};
		8F2F882F2B4F1EBC0081C187 /* Debug */ = {
			isa = XCBuildConfiguration;
			buildSettings = {
				ASSETCATALOG_COMPILER_APPICON_NAME = AppIcon;
				ASSETCATALOG_COMPILER_GLOBAL_ACCENT_COLOR_NAME = AccentColor;
				CODE_SIGN_STYLE = Automatic;
				CURRENT_PROJECT_VERSION = 1;
				DEVELOPMENT_ASSET_PATHS = "\"Rustyboy/Preview Content\"";
				DEVELOPMENT_TEAM = F98PYWXPW2;
				ENABLE_PREVIEWS = YES;
				GENERATE_INFOPLIST_FILE = YES;
				INFOPLIST_FILE = Rustyboy/Info.plist;
				INFOPLIST_KEY_UIApplicationSupportsIndirectInputEvents = YES;
				INFOPLIST_KEY_UILaunchScreen_Generation = YES;
				INFOPLIST_KEY_UISupportedInterfaceOrientations_iPad = "UIInterfaceOrientationPortrait UIInterfaceOrientationPortraitUpsideDown UIInterfaceOrientationLandscapeLeft UIInterfaceOrientationLandscapeRight";
				INFOPLIST_KEY_UISupportedInterfaceOrientations_iPhone = "UIInterfaceOrientationPortrait UIInterfaceOrientationLandscapeLeft UIInterfaceOrientationLandscapeRight";
				LD_RUNPATH_SEARCH_PATHS = (
					"$(inherited)",
					"@executable_path/Frameworks",
				);
				MARKETING_VERSION = 1.0;
				PRODUCT_BUNDLE_IDENTIFIER = klolev.Rustyboy;
				PRODUCT_NAME = "$(TARGET_NAME)";
				SUPPORTED_PLATFORMS = "iphoneos iphonesimulator macosx";
				SUPPORTS_MACCATALYST = NO;
				SWIFT_EMIT_LOC_STRINGS = YES;
				SWIFT_OBJC_BRIDGING_HEADER = Rustyboy/BridgingHeader.h;
				SWIFT_VERSION = 5.0;
				TARGETED_DEVICE_FAMILY = "1,2";
			};
			name = Debug;
		};
		8F2F88302B4F1EBC0081C187 /* Release */ = {
			isa = XCBuildConfiguration;
			buildSettings = {
				ASSETCATALOG_COMPILER_APPICON_NAME = AppIcon;
				ASSETCATALOG_COMPILER_GLOBAL_ACCENT_COLOR_NAME = AccentColor;
				CODE_SIGN_STYLE = Automatic;
				CURRENT_PROJECT_VERSION = 1;
				DEVELOPMENT_ASSET_PATHS = "\"Rustyboy/Preview Content\"";
				DEVELOPMENT_TEAM = F98PYWXPW2;
				ENABLE_PREVIEWS = YES;
				GENERATE_INFOPLIST_FILE = YES;
				INFOPLIST_FILE = Rustyboy/Info.plist;
				INFOPLIST_KEY_UIApplicationSupportsIndirectInputEvents = YES;
				INFOPLIST_KEY_UILaunchScreen_Generation = YES;
				INFOPLIST_KEY_UISupportedInterfaceOrientations_iPad = "UIInterfaceOrientationPortrait UIInterfaceOrientationPortraitUpsideDown UIInterfaceOrientationLandscapeLeft UIInterfaceOrientationLandscapeRight";
				INFOPLIST_KEY_UISupportedInterfaceOrientations_iPhone = "UIInterfaceOrientationPortrait UIInterfaceOrientationLandscapeLeft UIInterfaceOrientationLandscapeRight";
				LD_RUNPATH_SEARCH_PATHS = (
					"$(inherited)",
					"@executable_path/Frameworks",
				);
				MARKETING_VERSION = 1.0;
				PRODUCT_BUNDLE_IDENTIFIER = klolev.Rustyboy;
				PRODUCT_NAME = "$(TARGET_NAME)";
				SUPPORTED_PLATFORMS = "iphoneos iphonesimulator macosx";
				SUPPORTS_MACCATALYST = NO;
				SWIFT_EMIT_LOC_STRINGS = YES;
				SWIFT_OBJC_BRIDGING_HEADER = Rustyboy/BridgingHeader.h;
				SWIFT_VERSION = 5.0;
				TARGETED_DEVICE_FAMILY = "1,2";
			};
			name = Release;
		};
/* End XCBuildConfiguration section */

/* Begin XCConfigurationList section */
		8F2F88192B4F1EBB0081C187 /* Build configuration list for PBXProject "Rustyboy" */ = {
			isa = XCConfigurationList;
			buildConfigurations = (
				8F2F882C2B4F1EBC0081C187 /* Debug */,
				8F2F882D2B4F1EBC0081C187 /* Release */,
			);
			defaultConfigurationIsVisible = 0;
			defaultConfigurationName = Release;
		};
		8F2F882E2B4F1EBC0081C187 /* Build configuration list for PBXNativeTarget "Rustyboy" */ = {
			isa = XCConfigurationList;
			buildConfigurations = (
				8F2F882F2B4F1EBC0081C187 /* Debug */,
				8F2F88302B4F1EBC0081C187 /* Release */,
			);
			defaultConfigurationIsVisible = 0;
			defaultConfigurationName = Release;
		};
/* End XCConfigurationList section */

/* Begin XCLocalSwiftPackageReference section */
		8F62A9CA2B4F40BF0099BBC1 /* XCLocalSwiftPackageReference "Rustyboy/RustyboyCore" */ = {
			isa = XCLocalSwiftPackageReference;
			relativePath = Rustyboy/RustyboyCore;
		};
/* End XCLocalSwiftPackageReference section */

/* Begin XCRemoteSwiftPackageReference section */
		8F29232C2B62216F006EA675 /* XCRemoteSwiftPackageReference "swift-collections" */ = {
			isa = XCRemoteSwiftPackageReference;
			repositoryURL = "https://github.com/apple/swift-collections.git";
			requirement = {
				kind = upToNextMajorVersion;
				minimumVersion = 1.0.6;
			};
		};
		8F2B51282B4F3BBB0039EB99 /* XCRemoteSwiftPackageReference "slingshot" */ = {
			isa = XCRemoteSwiftPackageReference;
			repositoryURL = "http://github.com/flix477/slingshot.git";
			requirement = {
				kind = upToNextMajorVersion;
				minimumVersion = 0.4.2;
			};
		};
/* End XCRemoteSwiftPackageReference section */

/* Begin XCSwiftPackageProductDependency section */
		8F29232D2B62216F006EA675 /* OrderedCollections */ = {
			isa = XCSwiftPackageProductDependency;
			package = 8F29232C2B62216F006EA675 /* XCRemoteSwiftPackageReference "swift-collections" */;
			productName = OrderedCollections;
		};
		8F2B51292B4F3BBB0039EB99 /* Slingshot */ = {
			isa = XCSwiftPackageProductDependency;
			package = 8F2B51282B4F3BBB0039EB99 /* XCRemoteSwiftPackageReference "slingshot" */;
			productName = Slingshot;
		};
		8F62A9CB2B4F40BF0099BBC1 /* RustyboyCore */ = {
			isa = XCSwiftPackageProductDependency;
			productName = RustyboyCore;
		};
/* End XCSwiftPackageProductDependency section */
	};
	rootObject = 8F2F88162B4F1EBB0081C187 /* Project object */;
}
