{
  "pins" : [
    {
      "identity" : "slingshot",
      "kind" : "remoteSourceControl",
      "location" : "http://github.com/flix477/slingshot.git",
      "state" : {
        "revision" : "5bdb90131ee5faa23f7179ee3dfc12e71c2c00d0",
        "version" : "0.4.2"
      }
    },
    {
      "identity" : "swift-collections",
      "kind" : "remoteSourceControl",
      "location" : "https://github.com/apple/swift-collections.git",
      "state" : {
        "revision" : "d029d9d39c87bed85b1c50adee7c41795261a192",
        "version" : "1.0.6"
      }
    }
  ],
  "version" : 2
}
